{
  "version": 4,
  "terraform_version": "1.3.9",
  "serial": 6,
  "lineage": "46d68ed6-8d67-4957-cd96-1130403ad7f4",
  "outputs": {},
  "resources": [
    {
      "mode": "managed",
      "type": "azurerm_resource_group",
      "name": "sample_res_grp",
      "provider": "provider[\"registry.terraform.io/hashicorp/azurerm\"]",
      "instances": [
        {
          "schema_version": 0,
          "attributes": {
            "id": "/subscriptions/cab7d085-3e06-48c0-8689-d3a4ce7afeec/resourceGroups/sample_res_grpv2",
            "location": "eastus",
            "name": "sample_res_grpv2",
            "tags": {},
            "timeouts": null
          },
          "sensitive_attributes": [],
          "private": "eyJlMmJmYjczMC1lY2FhLTExZTYtOGY4OC0zNDM2M2JjN2M0YzAiOnsiY3JlYXRlIjo1NDAwMDAwMDAwMDAwLCJkZWxldGUiOjU0MDAwMDAwMDAwMDAsInJlYWQiOjMwMDAwMDAwMDAwMCwidXBkYXRlIjo1NDAwMDAwMDAwMDAwfX0="
        }
      ]
    },
    {
      "mode": "managed",
      "type": "azurerm_storage_account",
      "name": "storage_acc_v2",
      "provider": "provider[\"registry.terraform.io/hashicorp/azurerm\"]",
      "instances": [
        {
          "schema_version": 3,
          "attributes": {
            "access_tier": "Hot",
            "account_kind": "StorageV2",
            "account_replication_type": "LRS",
            "account_tier": "Standard",
            "allow_nested_items_to_be_public": true,
            "allowed_copy_scope": "",
            "azure_files_authentication": [],
            "blob_properties": [
              {
                "change_feed_enabled": false,
                "change_feed_retention_in_days": 0,
                "container_delete_retention_policy": [],
                "cors_rule": [],
                "default_service_version": "",
                "delete_retention_policy": [],
                "last_access_time_enabled": false,
                "restore_policy": [],
                "versioning_enabled": false
              }
            ],
            "cross_tenant_replication_enabled": true,
            "custom_domain": [],
            "customer_managed_key": [],
            "default_to_oauth_authentication": false,
            "edge_zone": "",
            "enable_https_traffic_only": true,
            "id": "/subscriptions/cab7d085-3e06-48c0-8689-d3a4ce7afeec/resourceGroups/sample_res_grpv2/providers/Microsoft.Storage/storageAccounts/terrav2",
            "identity": [],
            "immutability_policy": [],
            "infrastructure_encryption_enabled": false,
            "is_hns_enabled": false,
            "large_file_share_enabled": null,
            "location": "eastus",
            "min_tls_version": "TLS1_2",
            "name": "terrav2",
            "network_rules": [
              {
                "bypass": [
                  "AzureServices"
                ],
                "default_action": "Allow",
                "ip_rules": [],
                "private_link_access": [],
                "virtual_network_subnet_ids": []
              }
            ],
            "nfsv3_enabled": false,
            "primary_access_key": "2I/a2T2Wj8KxRP9t18w09/p+YdTJXnXM9eBQ6mJF3no56GLjCQtbgkM8T+7evf/+ie/e7e/CdxlU+AStRF3j8w==",
            "primary_blob_connection_string": "DefaultEndpointsProtocol=https;BlobEndpoint=https://terrav2.blob.core.windows.net/;AccountName=terrav2;AccountKey=2I/a2T2Wj8KxRP9t18w09/p+YdTJXnXM9eBQ6mJF3no56GLjCQtbgkM8T+7evf/+ie/e7e/CdxlU+AStRF3j8w==",
            "primary_blob_endpoint": "https://terrav2.blob.core.windows.net/",
            "primary_blob_host": "terrav2.blob.core.windows.net",
            "primary_connection_string": "DefaultEndpointsProtocol=https;AccountName=terrav2;AccountKey=2I/a2T2Wj8KxRP9t18w09/p+YdTJXnXM9eBQ6mJF3no56GLjCQtbgkM8T+7evf/+ie/e7e/CdxlU+AStRF3j8w==;EndpointSuffix=core.windows.net",
            "primary_dfs_endpoint": "https://terrav2.dfs.core.windows.net/",
            "primary_dfs_host": "terrav2.dfs.core.windows.net",
            "primary_file_endpoint": "https://terrav2.file.core.windows.net/",
            "primary_file_host": "terrav2.file.core.windows.net",
            "primary_location": "eastus",
            "primary_queue_endpoint": "https://terrav2.queue.core.windows.net/",
            "primary_queue_host": "terrav2.queue.core.windows.net",
            "primary_table_endpoint": "https://terrav2.table.core.windows.net/",
            "primary_table_host": "terrav2.table.core.windows.net",
            "primary_web_endpoint": "https://terrav2.z13.web.core.windows.net/",
            "primary_web_host": "terrav2.z13.web.core.windows.net",
            "public_network_access_enabled": true,
            "queue_encryption_key_type": "Service",
            "queue_properties": [
              {
                "cors_rule": [],
                "hour_metrics": [
                  {
                    "enabled": true,
                    "include_apis": true,
                    "retention_policy_days": 7,
                    "version": "1.0"
                  }
                ],
                "logging": [
                  {
                    "delete": false,
                    "read": false,
                    "retention_policy_days": 0,
                    "version": "1.0",
                    "write": false
                  }
                ],
                "minute_metrics": [
                  {
                    "enabled": false,
                    "include_apis": false,
                    "retention_policy_days": 0,
                    "version": "1.0"
                  }
                ]
              }
            ],
            "resource_group_name": "sample_res_grpv2",
            "routing": [],
            "sas_policy": [],
            "secondary_access_key": "cmSqkrHcnRvrcPSobxPrAVuJ6DdC55HHtUxXr/qeDje4ZqNddEj63rUWREcR6ItvueoPnVvA0A3s+ASt6O5Fig==",
            "secondary_blob_connection_string": "",
            "secondary_blob_endpoint": null,
            "secondary_blob_host": null,
            "secondary_connection_string": "DefaultEndpointsProtocol=https;AccountName=terrav2;AccountKey=cmSqkrHcnRvrcPSobxPrAVuJ6DdC55HHtUxXr/qeDje4ZqNddEj63rUWREcR6ItvueoPnVvA0A3s+ASt6O5Fig==;EndpointSuffix=core.windows.net",
            "secondary_dfs_endpoint": null,
            "secondary_dfs_host": null,
            "secondary_file_endpoint": null,
            "secondary_file_host": null,
            "secondary_location": "",
            "secondary_queue_endpoint": null,
            "secondary_queue_host": null,
            "secondary_table_endpoint": null,
            "secondary_table_host": null,
            "secondary_web_endpoint": null,
            "secondary_web_host": null,
            "sftp_enabled": false,
            "share_properties": [
              {
                "cors_rule": [],
                "retention_policy": [
                  {
                    "days": 7
                  }
                ],
                "smb": []
              }
            ],
            "shared_access_key_enabled": true,
            "static_website": [],
            "table_encryption_key_type": "Service",
            "tags": {},
            "timeouts": null
          },
          "sensitive_attributes": [],
          "private": "eyJlMmJmYjczMC1lY2FhLTExZTYtOGY4OC0zNDM2M2JjN2M0YzAiOnsiY3JlYXRlIjozNjAwMDAwMDAwMDAwLCJkZWxldGUiOjM2MDAwMDAwMDAwMDAsInJlYWQiOjMwMDAwMDAwMDAwMCwidXBkYXRlIjozNjAwMDAwMDAwMDAwfSwic2NoZW1hX3ZlcnNpb24iOiIzIn0=",
          "dependencies": [
            "azurerm_resource_group.sample_res_grp"
          ]
        }
      ]
    },
    {
      "mode": "managed",
      "type": "azurerm_storage_container",
      "name": "sam_con_v2",
      "provider": "provider[\"registry.terraform.io/hashicorp/azurerm\"]",
      "instances": [
        {
          "schema_version": 1,
          "attributes": {
            "container_access_type": "private",
            "has_immutability_policy": false,
            "has_legal_hold": false,
            "id": "https://terrav2.blob.core.windows.net/data-sample",
            "metadata": {},
            "name": "data-sample",
            "resource_manager_id": "/subscriptions/cab7d085-3e06-48c0-8689-d3a4ce7afeec/resourceGroups/sample_res_grpv2/providers/Microsoft.Storage/storageAccounts/terrav2/blobServices/default/containers/data-sample",
            "storage_account_name": "terrav2",
            "timeouts": null
          },
          "sensitive_attributes": [],
          "private": "eyJlMmJmYjczMC1lY2FhLTExZTYtOGY4OC0zNDM2M2JjN2M0YzAiOnsiY3JlYXRlIjoxODAwMDAwMDAwMDAwLCJkZWxldGUiOjE4MDAwMDAwMDAwMDAsInJlYWQiOjMwMDAwMDAwMDAwMCwidXBkYXRlIjoxODAwMDAwMDAwMDAwfSwic2NoZW1hX3ZlcnNpb24iOiIxIn0="
        }
      ]
    }
  ],
  "check_results": null
}



