{
  "version": 4,
  "terraform_version": "1.3.9",
  "serial": 14,
  "lineage": "1371f382-24bd-7bac-b965-6230e071d76d",
  "outputs": {},
  "resources": [
    {
      "mode": "managed",
      "type": "azurerm_resource_group",
      "name": "terra",
      "provider": "provider[\"registry.terraform.io/hashicorp/azurerm\"]",
      "instances": [
        {
          "schema_version": 0,
          "attributes": {
            "id": "/subscriptions/cab7d085-3e06-48c0-8689-d3a4ce7afeec/resourceGroups/terra_form",
            "location": "northeurope",
            "name": "terra_form",
            "tags": {},
            "timeouts": null
          },
          "sensitive_attributes": [],
          "private": "eyJlMmJmYjczMC1lY2FhLTExZTYtOGY4OC0zNDM2M2JjN2M0YzAiOnsiY3JlYXRlIjo1NDAwMDAwMDAwMDAwLCJkZWxldGUiOjU0MDAwMDAwMDAwMDAsInJlYWQiOjMwMDAwMDAwMDAwMCwidXBkYXRlIjo1NDAwMDAwMDAwMDAwfX0="
        }
      ]
    },
    {
      "mode": "managed",
      "type": "azurerm_storage_account",
      "name": "storage_account",
      "provider": "provider[\"registry.terraform.io/hashicorp/azurerm\"]",
      "instances": [
        {
          "schema_version": 3,
          "attributes": {
            "access_tier": "Hot",
            "account_kind": "StorageV2",
            "account_replication_type": "LRS",
            "account_tier": "Standard",
            "allow_nested_items_to_be_public": true,
            "allowed_copy_scope": "",
            "azure_files_authentication": [],
            "blob_properties": [
              {
                "change_feed_enabled": false,
                "change_feed_retention_in_days": 0,
                "container_delete_retention_policy": [],
                "cors_rule": [],
                "default_service_version": "",
                "delete_retention_policy": [],
                "last_access_time_enabled": false,
                "restore_policy": [],
                "versioning_enabled": false
              }
            ],
            "cross_tenant_replication_enabled": true,
            "custom_domain": [],
            "customer_managed_key": [],
            "default_to_oauth_authentication": false,
            "edge_zone": "",
            "enable_https_traffic_only": true,
            "id": "/subscriptions/cab7d085-3e06-48c0-8689-d3a4ce7afeec/resourceGroups/terra_form/providers/Microsoft.Storage/storageAccounts/terraformvar432",
            "identity": [],
            "immutability_policy": [],
            "infrastructure_encryption_enabled": false,
            "is_hns_enabled": false,
            "large_file_share_enabled": null,
            "location": "northeurope",
            "min_tls_version": "TLS1_2",
            "name": "terraformvar432",
            "network_rules": [
              {
                "bypass": [
                  "AzureServices"
                ],
                "default_action": "Allow",
                "ip_rules": [],
                "private_link_access": [],
                "virtual_network_subnet_ids": []
              }
            ],
            "nfsv3_enabled": false,
            "primary_access_key": "5kXQxQAryh19wKbGVgx5ErmkiBpGSgqYyYYFHccDTk3km56jEQvN1qEgnoEoFLcy2rQsyiRdunHj+AStCHf34g==",
            "primary_blob_connection_string": "DefaultEndpointsProtocol=https;BlobEndpoint=https://terraformvar432.blob.core.windows.net/;AccountName=terraformvar432;AccountKey=5kXQxQAryh19wKbGVgx5ErmkiBpGSgqYyYYFHccDTk3km56jEQvN1qEgnoEoFLcy2rQsyiRdunHj+AStCHf34g==",
            "primary_blob_endpoint": "https://terraformvar432.blob.core.windows.net/",
            "primary_blob_host": "terraformvar432.blob.core.windows.net",
            "primary_connection_string": "DefaultEndpointsProtocol=https;AccountName=terraformvar432;AccountKey=5kXQxQAryh19wKbGVgx5ErmkiBpGSgqYyYYFHccDTk3km56jEQvN1qEgnoEoFLcy2rQsyiRdunHj+AStCHf34g==;EndpointSuffix=core.windows.net",
            "primary_dfs_endpoint": "https://terraformvar432.dfs.core.windows.net/",
            "primary_dfs_host": "terraformvar432.dfs.core.windows.net",
            "primary_file_endpoint": "https://terraformvar432.file.core.windows.net/",
            "primary_file_host": "terraformvar432.file.core.windows.net",
            "primary_location": "northeurope",
            "primary_queue_endpoint": "https://terraformvar432.queue.core.windows.net/",
            "primary_queue_host": "terraformvar432.queue.core.windows.net",
            "primary_table_endpoint": "https://terraformvar432.table.core.windows.net/",
            "primary_table_host": "terraformvar432.table.core.windows.net",
            "primary_web_endpoint": "https://terraformvar432.z16.web.core.windows.net/",
            "primary_web_host": "terraformvar432.z16.web.core.windows.net",
            "public_network_access_enabled": true,
            "queue_encryption_key_type": "Service",
            "queue_properties": [
              {
                "cors_rule": [],
                "hour_metrics": [
                  {
                    "enabled": true,
                    "include_apis": true,
                    "retention_policy_days": 7,
                    "version": "1.0"
                  }
                ],
                "logging": [
                  {
                    "delete": false,
                    "read": false,
                    "retention_policy_days": 0,
                    "version": "1.0",
                    "write": false
                  }
                ],
                "minute_metrics": [
                  {
                    "enabled": false,
                    "include_apis": false,
                    "retention_policy_days": 0,
                    "version": "1.0"
                  }
                ]
              }
            ],
            "resource_group_name": "terra_form",
            "routing": [],
            "sas_policy": [],
            "secondary_access_key": "R9VslAa3ZTO3EK+yOH30FrNmlRdiGreLejo4Uzz1RN8LD4/WlrQkzEYUKjHmVDB46vPtPO4r9MZk+AStfBRqdQ==",
            "secondary_blob_connection_string": "",
            "secondary_blob_endpoint": null,
            "secondary_blob_host": null,
            "secondary_connection_string": "DefaultEndpointsProtocol=https;AccountName=terraformvar432;AccountKey=R9VslAa3ZTO3EK+yOH30FrNmlRdiGreLejo4Uzz1RN8LD4/WlrQkzEYUKjHmVDB46vPtPO4r9MZk+AStfBRqdQ==;EndpointSuffix=core.windows.net",
            "secondary_dfs_endpoint": null,
            "secondary_dfs_host": null,
            "secondary_file_endpoint": null,
            "secondary_file_host": null,
            "secondary_location": "",
            "secondary_queue_endpoint": null,
            "secondary_queue_host": null,
            "secondary_table_endpoint": null,
            "secondary_table_host": null,
            "secondary_web_endpoint": null,
            "secondary_web_host": null,
            "sftp_enabled": false,
            "share_properties": [
              {
                "cors_rule": [],
                "retention_policy": [
                  {
                    "days": 7
                  }
                ],
                "smb": []
              }
            ],
            "shared_access_key_enabled": true,
            "static_website": [],
            "table_encryption_key_type": "Service",
            "tags": null,
            "timeouts": null
          },
          "sensitive_attributes": [],
          "private": "eyJlMmJmYjczMC1lY2FhLTExZTYtOGY4OC0zNDM2M2JjN2M0YzAiOnsiY3JlYXRlIjozNjAwMDAwMDAwMDAwLCJkZWxldGUiOjM2MDAwMDAwMDAwMDAsInJlYWQiOjMwMDAwMDAwMDAwMCwidXBkYXRlIjozNjAwMDAwMDAwMDAwfSwic2NoZW1hX3ZlcnNpb24iOiIzIn0="
        }
      ]
    },
    {
      "mode": "managed",
      "type": "azurerm_storage_container",
      "name": "var_container",
      "provider": "provider[\"registry.terraform.io/hashicorp/azurerm\"]",
      "instances": [
        {
          "schema_version": 1,
          "attributes": {
            "container_access_type": "private",
            "has_immutability_policy": false,
            "has_legal_hold": false,
            "id": "https://terraformvar432.blob.core.windows.net/var-sample",
            "metadata": {},
            "name": "var-sample",
            "resource_manager_id": "/subscriptions/cab7d085-3e06-48c0-8689-d3a4ce7afeec/resourceGroups/terra_form/providers/Microsoft.Storage/storageAccounts/terraformvar432/blobServices/default/containers/var-sample",
            "storage_account_name": "terraformvar432",
            "timeouts": null
          },
          "sensitive_attributes": [],
          "private": "eyJlMmJmYjczMC1lY2FhLTExZTYtOGY4OC0zNDM2M2JjN2M0YzAiOnsiY3JlYXRlIjoxODAwMDAwMDAwMDAwLCJkZWxldGUiOjE4MDAwMDAwMDAwMDAsInJlYWQiOjMwMDAwMDAwMDAwMCwidXBkYXRlIjoxODAwMDAwMDAwMDAwfSwic2NoZW1hX3ZlcnNpb24iOiIxIn0=",
          "dependencies": [
            "azurerm_storage_account.storage_account"
          ]
        }
      ]
    }
  ],
  "check_results": null
}
